
Microsoft Visual Studio Solution File, Format Version 12.00
# Visual Studio Version 16
VisualStudioVersion = 16.0.30320.27
MinimumVisualStudioVersion = 10.0.40219.1
Project("{FAE04EC0-301F-11D3-BF4B-00C04F79EFBC}") = "Hosting", "Hosting\Hosting.csproj", "{458D96A5-4878-458D-A600-C781AF073F76}"
EndProject
Global
	GlobalSection(SolutionConfigurationPlatforms) = preSolution
		Debug|Any CPU = Debug|Any CPU
		Release|Any CPU = Release|Any CPU
	EndGlobalSection
	GlobalSection(ProjectConfigurationPlatforms) = postSolution
		{458D96A5-4878-458D-A600-C781AF073F76}.Debug|Any CPU.ActiveCfg = Debug|Any CPU
		{458D96A5-4878-458D-A600-C781AF073F76}.Debug|Any CPU.Build.0 = Debug|Any CPU
		{458D96A5-4878-458D-A600-C781AF073F76}.Release|Any CPU.ActiveCfg = Release|Any CPU
		{458D96A5-4878-458D-A600-C781AF073F76}.Release|Any CPU.Build.0 = Release|Any CPU
	EndGlobalSection
	GlobalSection(SolutionProperties) = preSolution
		HideSolutionNode = FALSE
	EndGlobalSection
	GlobalSection(ExtensibilityGlobals) = postSolution
		SolutionGuid = {E21329A8-D515-4287-9E29-B6153433D602}
	EndGlobalSection
EndGlobal
