
Microsoft Visual Studio Solution File, Format Version 12.00
# Visual Studio Version 16
VisualStudioVersion = 16.0.30320.27
MinimumVisualStudioVersion = 10.0.40219.1
Project("{9A19103F-16F7-4668-BE54-9A1E7A4F7556}") = "Hosting", "Hosting\Hosting.csproj", "{458D96A5-4878-458D-A600-C781AF073F76}"
EndProject
Project("{9A19103F-16F7-4668-BE54-9A1E7A4F7556}") = "Configuration", "Configuration\Configuration.csproj", "{ECC709C3-946B-4D33-A0C7-1941658656E7}"
EndProject
Project("{FAE04EC0-301F-11D3-BF4B-00C04F79EFBC}") = "DemoApp.Android", "DemoApp\DemoApp.Android\DemoApp.Android.csproj", "{9B05D62D-DE91-44AB-ABBD-C04A2D361B3A}"
EndProject
Project("{FAE04EC0-301F-11D3-BF4B-00C04F79EFBC}") = "DemoApp.iOS", "DemoApp\DemoApp.iOS\DemoApp.iOS.csproj", "{539FAA71-C2E1-4E28-9E43-4A1781300135}"
EndProject
Project("{FAE04EC0-301F-11D3-BF4B-00C04F79EFBC}") = "DemoApp", "DemoApp\DemoApp\DemoApp.csproj", "{14BFB0ED-C786-482F-8B35-5B238C284C09}"
EndProject
Global
	GlobalSection(SolutionConfigurationPlatforms) = preSolution
		Debug|Any CPU = Debug|Any CPU
		Debug|iPhone = Debug|iPhone
		Debug|iPhoneSimulator = Debug|iPhoneSimulator
		Release|Any CPU = Release|Any CPU
		Release|iPhone = Release|iPhone
		Release|iPhoneSimulator = Release|iPhoneSimulator
	EndGlobalSection
	GlobalSection(ProjectConfigurationPlatforms) = postSolution
		{458D96A5-4878-458D-A600-C781AF073F76}.Debug|Any CPU.ActiveCfg = Debug|Any CPU
		{458D96A5-4878-458D-A600-C781AF073F76}.Debug|Any CPU.Build.0 = Debug|Any CPU
		{458D96A5-4878-458D-A600-C781AF073F76}.Debug|iPhone.ActiveCfg = Debug|Any CPU
		{458D96A5-4878-458D-A600-C781AF073F76}.Debug|iPhone.Build.0 = Debug|Any CPU
		{458D96A5-4878-458D-A600-C781AF073F76}.Debug|iPhoneSimulator.ActiveCfg = Debug|Any CPU
		{458D96A5-4878-458D-A600-C781AF073F76}.Debug|iPhoneSimulator.Build.0 = Debug|Any CPU
		{458D96A5-4878-458D-A600-C781AF073F76}.Release|Any CPU.ActiveCfg = Release|Any CPU
		{458D96A5-4878-458D-A600-C781AF073F76}.Release|Any CPU.Build.0 = Release|Any CPU
		{458D96A5-4878-458D-A600-C781AF073F76}.Release|iPhone.ActiveCfg = Release|Any CPU
		{458D96A5-4878-458D-A600-C781AF073F76}.Release|iPhone.Build.0 = Release|Any CPU
		{458D96A5-4878-458D-A600-C781AF073F76}.Release|iPhoneSimulator.ActiveCfg = Release|Any CPU
		{458D96A5-4878-458D-A600-C781AF073F76}.Release|iPhoneSimulator.Build.0 = Release|Any CPU
		{ECC709C3-946B-4D33-A0C7-1941658656E7}.Debug|Any CPU.ActiveCfg = Debug|Any CPU
		{ECC709C3-946B-4D33-A0C7-1941658656E7}.Debug|Any CPU.Build.0 = Debug|Any CPU
		{ECC709C3-946B-4D33-A0C7-1941658656E7}.Debug|iPhone.ActiveCfg = Debug|Any CPU
		{ECC709C3-946B-4D33-A0C7-1941658656E7}.Debug|iPhone.Build.0 = Debug|Any CPU
		{ECC709C3-946B-4D33-A0C7-1941658656E7}.Debug|iPhoneSimulator.ActiveCfg = Debug|Any CPU
		{ECC709C3-946B-4D33-A0C7-1941658656E7}.Debug|iPhoneSimulator.Build.0 = Debug|Any CPU
		{ECC709C3-946B-4D33-A0C7-1941658656E7}.Release|Any CPU.ActiveCfg = Release|Any CPU
		{ECC709C3-946B-4D33-A0C7-1941658656E7}.Release|Any CPU.Build.0 = Release|Any CPU
		{ECC709C3-946B-4D33-A0C7-1941658656E7}.Release|iPhone.ActiveCfg = Release|Any CPU
		{ECC709C3-946B-4D33-A0C7-1941658656E7}.Release|iPhone.Build.0 = Release|Any CPU
		{ECC709C3-946B-4D33-A0C7-1941658656E7}.Release|iPhoneSimulator.ActiveCfg = Release|Any CPU
		{ECC709C3-946B-4D33-A0C7-1941658656E7}.Release|iPhoneSimulator.Build.0 = Release|Any CPU
		{9B05D62D-DE91-44AB-ABBD-C04A2D361B3A}.Debug|Any CPU.ActiveCfg = Debug|Any CPU
		{9B05D62D-DE91-44AB-ABBD-C04A2D361B3A}.Debug|Any CPU.Build.0 = Debug|Any CPU
		{9B05D62D-DE91-44AB-ABBD-C04A2D361B3A}.Debug|Any CPU.Deploy.0 = Debug|Any CPU
		{9B05D62D-DE91-44AB-ABBD-C04A2D361B3A}.Debug|iPhone.ActiveCfg = Debug|Any CPU
		{9B05D62D-DE91-44AB-ABBD-C04A2D361B3A}.Debug|iPhone.Build.0 = Debug|Any CPU
		{9B05D62D-DE91-44AB-ABBD-C04A2D361B3A}.Debug|iPhone.Deploy.0 = Debug|Any CPU
		{9B05D62D-DE91-44AB-ABBD-C04A2D361B3A}.Debug|iPhoneSimulator.ActiveCfg = Debug|Any CPU
		{9B05D62D-DE91-44AB-ABBD-C04A2D361B3A}.Debug|iPhoneSimulator.Build.0 = Debug|Any CPU
		{9B05D62D-DE91-44AB-ABBD-C04A2D361B3A}.Debug|iPhoneSimulator.Deploy.0 = Debug|Any CPU
		{9B05D62D-DE91-44AB-ABBD-C04A2D361B3A}.Release|Any CPU.ActiveCfg = Release|Any CPU
		{9B05D62D-DE91-44AB-ABBD-C04A2D361B3A}.Release|Any CPU.Build.0 = Release|Any CPU
		{9B05D62D-DE91-44AB-ABBD-C04A2D361B3A}.Release|Any CPU.Deploy.0 = Release|Any CPU
		{9B05D62D-DE91-44AB-ABBD-C04A2D361B3A}.Release|iPhone.ActiveCfg = Release|Any CPU
		{9B05D62D-DE91-44AB-ABBD-C04A2D361B3A}.Release|iPhone.Build.0 = Release|Any CPU
		{9B05D62D-DE91-44AB-ABBD-C04A2D361B3A}.Release|iPhone.Deploy.0 = Release|Any CPU
		{9B05D62D-DE91-44AB-ABBD-C04A2D361B3A}.Release|iPhoneSimulator.ActiveCfg = Release|Any CPU
		{9B05D62D-DE91-44AB-ABBD-C04A2D361B3A}.Release|iPhoneSimulator.Build.0 = Release|Any CPU
		{9B05D62D-DE91-44AB-ABBD-C04A2D361B3A}.Release|iPhoneSimulator.Deploy.0 = Release|Any CPU
		{539FAA71-C2E1-4E28-9E43-4A1781300135}.Debug|Any CPU.ActiveCfg = Debug|iPhone
		{539FAA71-C2E1-4E28-9E43-4A1781300135}.Debug|iPhone.ActiveCfg = Debug|iPhone
		{539FAA71-C2E1-4E28-9E43-4A1781300135}.Debug|iPhone.Build.0 = Debug|iPhone
		{539FAA71-C2E1-4E28-9E43-4A1781300135}.Debug|iPhoneSimulator.ActiveCfg = Debug|iPhoneSimulator
		{539FAA71-C2E1-4E28-9E43-4A1781300135}.Debug|iPhoneSimulator.Build.0 = Debug|iPhoneSimulator
		{539FAA71-C2E1-4E28-9E43-4A1781300135}.Release|Any CPU.ActiveCfg = Release|iPhone
		{539FAA71-C2E1-4E28-9E43-4A1781300135}.Release|iPhone.ActiveCfg = Release|iPhone
		{539FAA71-C2E1-4E28-9E43-4A1781300135}.Release|iPhone.Build.0 = Release|iPhone
		{539FAA71-C2E1-4E28-9E43-4A1781300135}.Release|iPhoneSimulator.ActiveCfg = Release|iPhoneSimulator
		{539FAA71-C2E1-4E28-9E43-4A1781300135}.Release|iPhoneSimulator.Build.0 = Release|iPhoneSimulator
		{14BFB0ED-C786-482F-8B35-5B238C284C09}.Debug|Any CPU.ActiveCfg = Debug|Any CPU
		{14BFB0ED-C786-482F-8B35-5B238C284C09}.Debug|Any CPU.Build.0 = Debug|Any CPU
		{14BFB0ED-C786-482F-8B35-5B238C284C09}.Debug|iPhone.ActiveCfg = Debug|Any CPU
		{14BFB0ED-C786-482F-8B35-5B238C284C09}.Debug|iPhone.Build.0 = Debug|Any CPU
		{14BFB0ED-C786-482F-8B35-5B238C284C09}.Debug|iPhoneSimulator.ActiveCfg = Debug|Any CPU
		{14BFB0ED-C786-482F-8B35-5B238C284C09}.Debug|iPhoneSimulator.Build.0 = Debug|Any CPU
		{14BFB0ED-C786-482F-8B35-5B238C284C09}.Release|Any CPU.ActiveCfg = Release|Any CPU
		{14BFB0ED-C786-482F-8B35-5B238C284C09}.Release|Any CPU.Build.0 = Release|Any CPU
		{14BFB0ED-C786-482F-8B35-5B238C284C09}.Release|iPhone.ActiveCfg = Release|Any CPU
		{14BFB0ED-C786-482F-8B35-5B238C284C09}.Release|iPhone.Build.0 = Release|Any CPU
		{14BFB0ED-C786-482F-8B35-5B238C284C09}.Release|iPhoneSimulator.ActiveCfg = Release|Any CPU
		{14BFB0ED-C786-482F-8B35-5B238C284C09}.Release|iPhoneSimulator.Build.0 = Release|Any CPU
	EndGlobalSection
	GlobalSection(SolutionProperties) = preSolution
		HideSolutionNode = FALSE
	EndGlobalSection
	GlobalSection(ExtensibilityGlobals) = postSolution
		SolutionGuid = {E21329A8-D515-4287-9E29-B6153433D602}
	EndGlobalSection
EndGlobal
