
Microsoft Visual Studio Solution File, Format Version 12.00
# Visual Studio Version 16
VisualStudioVersion = 16.0.30320.27
MinimumVisualStudioVersion = 10.0.40219.1
Project("{9A19103F-16F7-4668-BE54-9A1E7A4F7556}") = "Hosting", "Hosting\Hosting.csproj", "{458D96A5-4878-458D-A600-C781AF073F76}"
EndProject
Project("{9A19103F-16F7-4668-BE54-9A1E7A4F7556}") = "Configuration", "Configuration\Configuration.csproj", "{ECC709C3-946B-4D33-A0C7-1941658656E7}"
EndProject
Project("{2150E333-8FDC-42A3-9474-1A3956D46DE8}") = "DemoApp", "DemoApp", "{844A81D7-FA24-496E-9A10-8A390F0FAEB6}"
EndProject
Project("{9A19103F-16F7-4668-BE54-9A1E7A4F7556}") = "DemoApp", "DemoApp\DemoApp\DemoApp.csproj", "{CC299349-FB59-4B1E-BB39-9F40B0DBD9B5}"
EndProject
Project("{FAE04EC0-301F-11D3-BF4B-00C04F79EFBC}") = "DemoApp.Android", "DemoApp\DemoApp.Android\DemoApp.Android.csproj", "{CB8CDF58-1130-4507-A8A2-CDBC3C937200}"
EndProject
Project("{FAE04EC0-301F-11D3-BF4B-00C04F79EFBC}") = "DemoApp.iOS", "DemoApp\DemoApp.iOS\DemoApp.iOS.csproj", "{12920A3D-7FB3-442E-9512-5F07239ACAA4}"
EndProject
Project("{9A19103F-16F7-4668-BE54-9A1E7A4F7556}") = "Nfc", "Nfc\Nfc.csproj", "{CC240B13-85BB-4249-9F42-C7067FD1DA57}"
EndProject
Project("{FAE04EC0-301F-11D3-BF4B-00C04F79EFBC}") = "DemoAppNfc.UWP", "DemoApp\DemoAppNfc\DemoAppNfc.UWP\DemoAppNfc.UWP.csproj", "{F4ED83B5-2C97-49DD-B702-4A227014A6AF}"
EndProject
Project("{FAE04EC0-301F-11D3-BF4B-00C04F79EFBC}") = "DemoAppNfc.Android", "DemoApp\DemoAppNfc\DemoAppNfc.Android\DemoAppNfc.Android.csproj", "{2CBECFFE-2526-4E26-8B3C-ABD4D966E8D1}"
EndProject
Project("{FAE04EC0-301F-11D3-BF4B-00C04F79EFBC}") = "DemoAppNfc.iOS", "DemoApp\DemoAppNfc\DemoAppNfc.iOS\DemoAppNfc.iOS.csproj", "{15522512-15DA-497B-9671-B3AF8AEE1623}"
EndProject
Project("{9A19103F-16F7-4668-BE54-9A1E7A4F7556}") = "DemoAppNfc", "DemoApp\DemoAppNfc\DemoAppNfc\DemoAppNfc.csproj", "{AD9727BF-D781-4C8D-A85A-C31765E2516C}"
EndProject
Project("{9A19103F-16F7-4668-BE54-9A1E7A4F7556}") = "Xamarin.Essentials.FileSystem.Extensions", "Xamarin.Essentials.FileSystem.Extensions\Xamarin.Essentials.FileSystem.Extensions.csproj", "{8F044AC5-FB21-4917-9A58-E62FAA5BBBED}"
EndProject
Project("{9A19103F-16F7-4668-BE54-9A1E7A4F7556}") = "WebHost", "WebHost\WebHost.csproj", "{71383867-D7A7-4F6B-9251-15023141C727}"
EndProject
Project("{FAE04EC0-301F-11D3-BF4B-00C04F79EFBC}") = "DemoApp.WebHost.Android", "DemoApp.WebHost\DemoApp.WebHost.Android\DemoApp.WebHost.Android.csproj", "{7760F40C-AFC0-43CF-BA49-E75BE0946C98}"
EndProject
Project("{FAE04EC0-301F-11D3-BF4B-00C04F79EFBC}") = "DemoApp.WebHost.iOS", "DemoApp.WebHost\DemoApp.WebHost.iOS\DemoApp.WebHost.iOS.csproj", "{2F4E63B3-A658-47C3-8083-3C9E25FDD8E4}"
EndProject
Project("{9A19103F-16F7-4668-BE54-9A1E7A4F7556}") = "DemoApp.WebHost", "DemoApp.WebHost\DemoApp.WebHost\DemoApp.WebHost.csproj", "{06F287C4-413C-48C5-BEB3-12A5D1FE49F7}"
EndProject
Project("{9A19103F-16F7-4668-BE54-9A1E7A4F7556}") = "Microsoft.Extensions.Primitives.Patch", "Microsoft.Extensions.Primitives.Patch\src\Microsoft.Extensions.Primitives.Patch.csproj", "{5A5303D1-89DA-4F9B-B254-B7D53A156D87}"
EndProject
Project("{FAE04EC0-301F-11D3-BF4B-00C04F79EFBC}") = "IpAddress", "IpAddress\IpAddress.csproj", "{F9758FAA-9A25-47CC-87EB-7D2692E43046}"
EndProject
Global
	GlobalSection(SolutionConfigurationPlatforms) = preSolution
		Debug|Any CPU = Debug|Any CPU
		Debug|ARM = Debug|ARM
		Debug|iPhone = Debug|iPhone
		Debug|iPhoneSimulator = Debug|iPhoneSimulator
		Debug|x64 = Debug|x64
		Debug|x86 = Debug|x86
		Release|Any CPU = Release|Any CPU
		Release|ARM = Release|ARM
		Release|iPhone = Release|iPhone
		Release|iPhoneSimulator = Release|iPhoneSimulator
		Release|x64 = Release|x64
		Release|x86 = Release|x86
	EndGlobalSection
	GlobalSection(ProjectConfigurationPlatforms) = postSolution
		{458D96A5-4878-458D-A600-C781AF073F76}.Debug|Any CPU.ActiveCfg = Debug|Any CPU
		{458D96A5-4878-458D-A600-C781AF073F76}.Debug|Any CPU.Build.0 = Debug|Any CPU
		{458D96A5-4878-458D-A600-C781AF073F76}.Debug|ARM.ActiveCfg = Debug|Any CPU
		{458D96A5-4878-458D-A600-C781AF073F76}.Debug|ARM.Build.0 = Debug|Any CPU
		{458D96A5-4878-458D-A600-C781AF073F76}.Debug|iPhone.ActiveCfg = Debug|Any CPU
		{458D96A5-4878-458D-A600-C781AF073F76}.Debug|iPhone.Build.0 = Debug|Any CPU
		{458D96A5-4878-458D-A600-C781AF073F76}.Debug|iPhoneSimulator.ActiveCfg = Debug|Any CPU
		{458D96A5-4878-458D-A600-C781AF073F76}.Debug|iPhoneSimulator.Build.0 = Debug|Any CPU
		{458D96A5-4878-458D-A600-C781AF073F76}.Debug|x64.ActiveCfg = Debug|Any CPU
		{458D96A5-4878-458D-A600-C781AF073F76}.Debug|x64.Build.0 = Debug|Any CPU
		{458D96A5-4878-458D-A600-C781AF073F76}.Debug|x86.ActiveCfg = Debug|Any CPU
		{458D96A5-4878-458D-A600-C781AF073F76}.Debug|x86.Build.0 = Debug|Any CPU
		{458D96A5-4878-458D-A600-C781AF073F76}.Release|Any CPU.ActiveCfg = Release|Any CPU
		{458D96A5-4878-458D-A600-C781AF073F76}.Release|Any CPU.Build.0 = Release|Any CPU
		{458D96A5-4878-458D-A600-C781AF073F76}.Release|ARM.ActiveCfg = Release|Any CPU
		{458D96A5-4878-458D-A600-C781AF073F76}.Release|ARM.Build.0 = Release|Any CPU
		{458D96A5-4878-458D-A600-C781AF073F76}.Release|iPhone.ActiveCfg = Release|Any CPU
		{458D96A5-4878-458D-A600-C781AF073F76}.Release|iPhone.Build.0 = Release|Any CPU
		{458D96A5-4878-458D-A600-C781AF073F76}.Release|iPhoneSimulator.ActiveCfg = Release|Any CPU
		{458D96A5-4878-458D-A600-C781AF073F76}.Release|iPhoneSimulator.Build.0 = Release|Any CPU
		{458D96A5-4878-458D-A600-C781AF073F76}.Release|x64.ActiveCfg = Release|Any CPU
		{458D96A5-4878-458D-A600-C781AF073F76}.Release|x64.Build.0 = Release|Any CPU
		{458D96A5-4878-458D-A600-C781AF073F76}.Release|x86.ActiveCfg = Release|Any CPU
		{458D96A5-4878-458D-A600-C781AF073F76}.Release|x86.Build.0 = Release|Any CPU
		{ECC709C3-946B-4D33-A0C7-1941658656E7}.Debug|Any CPU.ActiveCfg = Debug|Any CPU
		{ECC709C3-946B-4D33-A0C7-1941658656E7}.Debug|Any CPU.Build.0 = Debug|Any CPU
		{ECC709C3-946B-4D33-A0C7-1941658656E7}.Debug|ARM.ActiveCfg = Debug|Any CPU
		{ECC709C3-946B-4D33-A0C7-1941658656E7}.Debug|ARM.Build.0 = Debug|Any CPU
		{ECC709C3-946B-4D33-A0C7-1941658656E7}.Debug|iPhone.ActiveCfg = Debug|Any CPU
		{ECC709C3-946B-4D33-A0C7-1941658656E7}.Debug|iPhone.Build.0 = Debug|Any CPU
		{ECC709C3-946B-4D33-A0C7-1941658656E7}.Debug|iPhoneSimulator.ActiveCfg = Debug|Any CPU
		{ECC709C3-946B-4D33-A0C7-1941658656E7}.Debug|iPhoneSimulator.Build.0 = Debug|Any CPU
		{ECC709C3-946B-4D33-A0C7-1941658656E7}.Debug|x64.ActiveCfg = Debug|Any CPU
		{ECC709C3-946B-4D33-A0C7-1941658656E7}.Debug|x64.Build.0 = Debug|Any CPU
		{ECC709C3-946B-4D33-A0C7-1941658656E7}.Debug|x86.ActiveCfg = Debug|Any CPU
		{ECC709C3-946B-4D33-A0C7-1941658656E7}.Debug|x86.Build.0 = Debug|Any CPU
		{ECC709C3-946B-4D33-A0C7-1941658656E7}.Release|Any CPU.ActiveCfg = Release|Any CPU
		{ECC709C3-946B-4D33-A0C7-1941658656E7}.Release|Any CPU.Build.0 = Release|Any CPU
		{ECC709C3-946B-4D33-A0C7-1941658656E7}.Release|ARM.ActiveCfg = Release|Any CPU
		{ECC709C3-946B-4D33-A0C7-1941658656E7}.Release|ARM.Build.0 = Release|Any CPU
		{ECC709C3-946B-4D33-A0C7-1941658656E7}.Release|iPhone.ActiveCfg = Release|Any CPU
		{ECC709C3-946B-4D33-A0C7-1941658656E7}.Release|iPhone.Build.0 = Release|Any CPU
		{ECC709C3-946B-4D33-A0C7-1941658656E7}.Release|iPhoneSimulator.ActiveCfg = Release|Any CPU
		{ECC709C3-946B-4D33-A0C7-1941658656E7}.Release|iPhoneSimulator.Build.0 = Release|Any CPU
		{ECC709C3-946B-4D33-A0C7-1941658656E7}.Release|x64.ActiveCfg = Release|Any CPU
		{ECC709C3-946B-4D33-A0C7-1941658656E7}.Release|x64.Build.0 = Release|Any CPU
		{ECC709C3-946B-4D33-A0C7-1941658656E7}.Release|x86.ActiveCfg = Release|Any CPU
		{ECC709C3-946B-4D33-A0C7-1941658656E7}.Release|x86.Build.0 = Release|Any CPU
		{CC299349-FB59-4B1E-BB39-9F40B0DBD9B5}.Debug|Any CPU.ActiveCfg = Debug|Any CPU
		{CC299349-FB59-4B1E-BB39-9F40B0DBD9B5}.Debug|Any CPU.Build.0 = Debug|Any CPU
		{CC299349-FB59-4B1E-BB39-9F40B0DBD9B5}.Debug|ARM.ActiveCfg = Debug|Any CPU
		{CC299349-FB59-4B1E-BB39-9F40B0DBD9B5}.Debug|ARM.Build.0 = Debug|Any CPU
		{CC299349-FB59-4B1E-BB39-9F40B0DBD9B5}.Debug|iPhone.ActiveCfg = Debug|Any CPU
		{CC299349-FB59-4B1E-BB39-9F40B0DBD9B5}.Debug|iPhone.Build.0 = Debug|Any CPU
		{CC299349-FB59-4B1E-BB39-9F40B0DBD9B5}.Debug|iPhoneSimulator.ActiveCfg = Debug|Any CPU
		{CC299349-FB59-4B1E-BB39-9F40B0DBD9B5}.Debug|iPhoneSimulator.Build.0 = Debug|Any CPU
		{CC299349-FB59-4B1E-BB39-9F40B0DBD9B5}.Debug|x64.ActiveCfg = Debug|Any CPU
		{CC299349-FB59-4B1E-BB39-9F40B0DBD9B5}.Debug|x64.Build.0 = Debug|Any CPU
		{CC299349-FB59-4B1E-BB39-9F40B0DBD9B5}.Debug|x86.ActiveCfg = Debug|Any CPU
		{CC299349-FB59-4B1E-BB39-9F40B0DBD9B5}.Debug|x86.Build.0 = Debug|Any CPU
		{CC299349-FB59-4B1E-BB39-9F40B0DBD9B5}.Release|Any CPU.ActiveCfg = Release|Any CPU
		{CC299349-FB59-4B1E-BB39-9F40B0DBD9B5}.Release|Any CPU.Build.0 = Release|Any CPU
		{CC299349-FB59-4B1E-BB39-9F40B0DBD9B5}.Release|ARM.ActiveCfg = Release|Any CPU
		{CC299349-FB59-4B1E-BB39-9F40B0DBD9B5}.Release|ARM.Build.0 = Release|Any CPU
		{CC299349-FB59-4B1E-BB39-9F40B0DBD9B5}.Release|iPhone.ActiveCfg = Release|Any CPU
		{CC299349-FB59-4B1E-BB39-9F40B0DBD9B5}.Release|iPhone.Build.0 = Release|Any CPU
		{CC299349-FB59-4B1E-BB39-9F40B0DBD9B5}.Release|iPhoneSimulator.ActiveCfg = Release|Any CPU
		{CC299349-FB59-4B1E-BB39-9F40B0DBD9B5}.Release|iPhoneSimulator.Build.0 = Release|Any CPU
		{CC299349-FB59-4B1E-BB39-9F40B0DBD9B5}.Release|x64.ActiveCfg = Release|Any CPU
		{CC299349-FB59-4B1E-BB39-9F40B0DBD9B5}.Release|x64.Build.0 = Release|Any CPU
		{CC299349-FB59-4B1E-BB39-9F40B0DBD9B5}.Release|x86.ActiveCfg = Release|Any CPU
		{CC299349-FB59-4B1E-BB39-9F40B0DBD9B5}.Release|x86.Build.0 = Release|Any CPU
		{CB8CDF58-1130-4507-A8A2-CDBC3C937200}.Debug|Any CPU.ActiveCfg = Debug|Any CPU
		{CB8CDF58-1130-4507-A8A2-CDBC3C937200}.Debug|Any CPU.Build.0 = Debug|Any CPU
		{CB8CDF58-1130-4507-A8A2-CDBC3C937200}.Debug|Any CPU.Deploy.0 = Debug|Any CPU
		{CB8CDF58-1130-4507-A8A2-CDBC3C937200}.Debug|ARM.ActiveCfg = Debug|Any CPU
		{CB8CDF58-1130-4507-A8A2-CDBC3C937200}.Debug|ARM.Build.0 = Debug|Any CPU
		{CB8CDF58-1130-4507-A8A2-CDBC3C937200}.Debug|ARM.Deploy.0 = Debug|Any CPU
		{CB8CDF58-1130-4507-A8A2-CDBC3C937200}.Debug|iPhone.ActiveCfg = Debug|Any CPU
		{CB8CDF58-1130-4507-A8A2-CDBC3C937200}.Debug|iPhone.Build.0 = Debug|Any CPU
		{CB8CDF58-1130-4507-A8A2-CDBC3C937200}.Debug|iPhone.Deploy.0 = Debug|Any CPU
		{CB8CDF58-1130-4507-A8A2-CDBC3C937200}.Debug|iPhoneSimulator.ActiveCfg = Debug|Any CPU
		{CB8CDF58-1130-4507-A8A2-CDBC3C937200}.Debug|iPhoneSimulator.Build.0 = Debug|Any CPU
		{CB8CDF58-1130-4507-A8A2-CDBC3C937200}.Debug|iPhoneSimulator.Deploy.0 = Debug|Any CPU
		{CB8CDF58-1130-4507-A8A2-CDBC3C937200}.Debug|x64.ActiveCfg = Debug|Any CPU
		{CB8CDF58-1130-4507-A8A2-CDBC3C937200}.Debug|x64.Build.0 = Debug|Any CPU
		{CB8CDF58-1130-4507-A8A2-CDBC3C937200}.Debug|x64.Deploy.0 = Debug|Any CPU
		{CB8CDF58-1130-4507-A8A2-CDBC3C937200}.Debug|x86.ActiveCfg = Debug|Any CPU
		{CB8CDF58-1130-4507-A8A2-CDBC3C937200}.Debug|x86.Build.0 = Debug|Any CPU
		{CB8CDF58-1130-4507-A8A2-CDBC3C937200}.Debug|x86.Deploy.0 = Debug|Any CPU
		{CB8CDF58-1130-4507-A8A2-CDBC3C937200}.Release|Any CPU.ActiveCfg = Release|Any CPU
		{CB8CDF58-1130-4507-A8A2-CDBC3C937200}.Release|Any CPU.Build.0 = Release|Any CPU
		{CB8CDF58-1130-4507-A8A2-CDBC3C937200}.Release|Any CPU.Deploy.0 = Release|Any CPU
		{CB8CDF58-1130-4507-A8A2-CDBC3C937200}.Release|ARM.ActiveCfg = Release|Any CPU
		{CB8CDF58-1130-4507-A8A2-CDBC3C937200}.Release|ARM.Build.0 = Release|Any CPU
		{CB8CDF58-1130-4507-A8A2-CDBC3C937200}.Release|ARM.Deploy.0 = Release|Any CPU
		{CB8CDF58-1130-4507-A8A2-CDBC3C937200}.Release|iPhone.ActiveCfg = Release|Any CPU
		{CB8CDF58-1130-4507-A8A2-CDBC3C937200}.Release|iPhone.Build.0 = Release|Any CPU
		{CB8CDF58-1130-4507-A8A2-CDBC3C937200}.Release|iPhone.Deploy.0 = Release|Any CPU
		{CB8CDF58-1130-4507-A8A2-CDBC3C937200}.Release|iPhoneSimulator.ActiveCfg = Release|Any CPU
		{CB8CDF58-1130-4507-A8A2-CDBC3C937200}.Release|iPhoneSimulator.Build.0 = Release|Any CPU
		{CB8CDF58-1130-4507-A8A2-CDBC3C937200}.Release|iPhoneSimulator.Deploy.0 = Release|Any CPU
		{CB8CDF58-1130-4507-A8A2-CDBC3C937200}.Release|x64.ActiveCfg = Release|Any CPU
		{CB8CDF58-1130-4507-A8A2-CDBC3C937200}.Release|x64.Build.0 = Release|Any CPU
		{CB8CDF58-1130-4507-A8A2-CDBC3C937200}.Release|x64.Deploy.0 = Release|Any CPU
		{CB8CDF58-1130-4507-A8A2-CDBC3C937200}.Release|x86.ActiveCfg = Release|Any CPU
		{CB8CDF58-1130-4507-A8A2-CDBC3C937200}.Release|x86.Build.0 = Release|Any CPU
		{CB8CDF58-1130-4507-A8A2-CDBC3C937200}.Release|x86.Deploy.0 = Release|Any CPU
		{12920A3D-7FB3-442E-9512-5F07239ACAA4}.Debug|Any CPU.ActiveCfg = Debug|iPhoneSimulator
		{12920A3D-7FB3-442E-9512-5F07239ACAA4}.Debug|Any CPU.Build.0 = Debug|iPhoneSimulator
		{12920A3D-7FB3-442E-9512-5F07239ACAA4}.Debug|ARM.ActiveCfg = Debug|iPhone
		{12920A3D-7FB3-442E-9512-5F07239ACAA4}.Debug|iPhone.ActiveCfg = Debug|iPhone
		{12920A3D-7FB3-442E-9512-5F07239ACAA4}.Debug|iPhone.Build.0 = Debug|iPhone
		{12920A3D-7FB3-442E-9512-5F07239ACAA4}.Debug|iPhone.Deploy.0 = Debug|iPhone
		{12920A3D-7FB3-442E-9512-5F07239ACAA4}.Debug|iPhoneSimulator.ActiveCfg = Debug|iPhoneSimulator
		{12920A3D-7FB3-442E-9512-5F07239ACAA4}.Debug|iPhoneSimulator.Build.0 = Debug|iPhoneSimulator
		{12920A3D-7FB3-442E-9512-5F07239ACAA4}.Debug|x64.ActiveCfg = Debug|iPhone
		{12920A3D-7FB3-442E-9512-5F07239ACAA4}.Debug|x86.ActiveCfg = Debug|iPhone
		{12920A3D-7FB3-442E-9512-5F07239ACAA4}.Release|Any CPU.ActiveCfg = Release|iPhoneSimulator
		{12920A3D-7FB3-442E-9512-5F07239ACAA4}.Release|ARM.ActiveCfg = Release|iPhone
		{12920A3D-7FB3-442E-9512-5F07239ACAA4}.Release|iPhone.ActiveCfg = Release|iPhone
		{12920A3D-7FB3-442E-9512-5F07239ACAA4}.Release|iPhone.Build.0 = Release|iPhone
		{12920A3D-7FB3-442E-9512-5F07239ACAA4}.Release|iPhoneSimulator.ActiveCfg = Release|iPhoneSimulator
		{12920A3D-7FB3-442E-9512-5F07239ACAA4}.Release|iPhoneSimulator.Build.0 = Release|iPhoneSimulator
		{12920A3D-7FB3-442E-9512-5F07239ACAA4}.Release|x64.ActiveCfg = Release|iPhone
		{12920A3D-7FB3-442E-9512-5F07239ACAA4}.Release|x86.ActiveCfg = Release|iPhone
		{CC240B13-85BB-4249-9F42-C7067FD1DA57}.Debug|Any CPU.ActiveCfg = Debug|Any CPU
		{CC240B13-85BB-4249-9F42-C7067FD1DA57}.Debug|Any CPU.Build.0 = Debug|Any CPU
		{CC240B13-85BB-4249-9F42-C7067FD1DA57}.Debug|ARM.ActiveCfg = Debug|Any CPU
		{CC240B13-85BB-4249-9F42-C7067FD1DA57}.Debug|ARM.Build.0 = Debug|Any CPU
		{CC240B13-85BB-4249-9F42-C7067FD1DA57}.Debug|iPhone.ActiveCfg = Debug|Any CPU
		{CC240B13-85BB-4249-9F42-C7067FD1DA57}.Debug|iPhone.Build.0 = Debug|Any CPU
		{CC240B13-85BB-4249-9F42-C7067FD1DA57}.Debug|iPhoneSimulator.ActiveCfg = Debug|Any CPU
		{CC240B13-85BB-4249-9F42-C7067FD1DA57}.Debug|iPhoneSimulator.Build.0 = Debug|Any CPU
		{CC240B13-85BB-4249-9F42-C7067FD1DA57}.Debug|x64.ActiveCfg = Debug|Any CPU
		{CC240B13-85BB-4249-9F42-C7067FD1DA57}.Debug|x64.Build.0 = Debug|Any CPU
		{CC240B13-85BB-4249-9F42-C7067FD1DA57}.Debug|x86.ActiveCfg = Debug|Any CPU
		{CC240B13-85BB-4249-9F42-C7067FD1DA57}.Debug|x86.Build.0 = Debug|Any CPU
		{CC240B13-85BB-4249-9F42-C7067FD1DA57}.Release|Any CPU.ActiveCfg = Release|Any CPU
		{CC240B13-85BB-4249-9F42-C7067FD1DA57}.Release|Any CPU.Build.0 = Release|Any CPU
		{CC240B13-85BB-4249-9F42-C7067FD1DA57}.Release|ARM.ActiveCfg = Release|Any CPU
		{CC240B13-85BB-4249-9F42-C7067FD1DA57}.Release|ARM.Build.0 = Release|Any CPU
		{CC240B13-85BB-4249-9F42-C7067FD1DA57}.Release|iPhone.ActiveCfg = Release|Any CPU
		{CC240B13-85BB-4249-9F42-C7067FD1DA57}.Release|iPhone.Build.0 = Release|Any CPU
		{CC240B13-85BB-4249-9F42-C7067FD1DA57}.Release|iPhoneSimulator.ActiveCfg = Release|Any CPU
		{CC240B13-85BB-4249-9F42-C7067FD1DA57}.Release|iPhoneSimulator.Build.0 = Release|Any CPU
		{CC240B13-85BB-4249-9F42-C7067FD1DA57}.Release|x64.ActiveCfg = Release|Any CPU
		{CC240B13-85BB-4249-9F42-C7067FD1DA57}.Release|x64.Build.0 = Release|Any CPU
		{CC240B13-85BB-4249-9F42-C7067FD1DA57}.Release|x86.ActiveCfg = Release|Any CPU
		{CC240B13-85BB-4249-9F42-C7067FD1DA57}.Release|x86.Build.0 = Release|Any CPU
		{F4ED83B5-2C97-49DD-B702-4A227014A6AF}.Debug|Any CPU.ActiveCfg = Debug|x86
		{F4ED83B5-2C97-49DD-B702-4A227014A6AF}.Debug|Any CPU.Build.0 = Debug|x86
		{F4ED83B5-2C97-49DD-B702-4A227014A6AF}.Debug|Any CPU.Deploy.0 = Debug|x86
		{F4ED83B5-2C97-49DD-B702-4A227014A6AF}.Debug|ARM.ActiveCfg = Debug|ARM
		{F4ED83B5-2C97-49DD-B702-4A227014A6AF}.Debug|ARM.Build.0 = Debug|ARM
		{F4ED83B5-2C97-49DD-B702-4A227014A6AF}.Debug|ARM.Deploy.0 = Debug|ARM
		{F4ED83B5-2C97-49DD-B702-4A227014A6AF}.Debug|iPhone.ActiveCfg = Debug|x86
		{F4ED83B5-2C97-49DD-B702-4A227014A6AF}.Debug|iPhone.Build.0 = Debug|x86
		{F4ED83B5-2C97-49DD-B702-4A227014A6AF}.Debug|iPhone.Deploy.0 = Debug|x86
		{F4ED83B5-2C97-49DD-B702-4A227014A6AF}.Debug|iPhoneSimulator.ActiveCfg = Debug|x86
		{F4ED83B5-2C97-49DD-B702-4A227014A6AF}.Debug|x64.ActiveCfg = Debug|x64
		{F4ED83B5-2C97-49DD-B702-4A227014A6AF}.Debug|x64.Build.0 = Debug|x64
		{F4ED83B5-2C97-49DD-B702-4A227014A6AF}.Debug|x64.Deploy.0 = Debug|x64
		{F4ED83B5-2C97-49DD-B702-4A227014A6AF}.Debug|x86.ActiveCfg = Debug|x86
		{F4ED83B5-2C97-49DD-B702-4A227014A6AF}.Debug|x86.Build.0 = Debug|x86
		{F4ED83B5-2C97-49DD-B702-4A227014A6AF}.Debug|x86.Deploy.0 = Debug|x86
		{F4ED83B5-2C97-49DD-B702-4A227014A6AF}.Release|Any CPU.ActiveCfg = Release|x86
		{F4ED83B5-2C97-49DD-B702-4A227014A6AF}.Release|ARM.ActiveCfg = Release|ARM
		{F4ED83B5-2C97-49DD-B702-4A227014A6AF}.Release|ARM.Build.0 = Release|ARM
		{F4ED83B5-2C97-49DD-B702-4A227014A6AF}.Release|ARM.Deploy.0 = Release|ARM
		{F4ED83B5-2C97-49DD-B702-4A227014A6AF}.Release|iPhone.ActiveCfg = Release|x86
		{F4ED83B5-2C97-49DD-B702-4A227014A6AF}.Release|iPhoneSimulator.ActiveCfg = Release|x86
		{F4ED83B5-2C97-49DD-B702-4A227014A6AF}.Release|x64.ActiveCfg = Release|x64
		{F4ED83B5-2C97-49DD-B702-4A227014A6AF}.Release|x64.Build.0 = Release|x64
		{F4ED83B5-2C97-49DD-B702-4A227014A6AF}.Release|x64.Deploy.0 = Release|x64
		{F4ED83B5-2C97-49DD-B702-4A227014A6AF}.Release|x86.ActiveCfg = Release|x86
		{F4ED83B5-2C97-49DD-B702-4A227014A6AF}.Release|x86.Build.0 = Release|x86
		{F4ED83B5-2C97-49DD-B702-4A227014A6AF}.Release|x86.Deploy.0 = Release|x86
		{2CBECFFE-2526-4E26-8B3C-ABD4D966E8D1}.Debug|Any CPU.ActiveCfg = Debug|Any CPU
		{2CBECFFE-2526-4E26-8B3C-ABD4D966E8D1}.Debug|Any CPU.Build.0 = Debug|Any CPU
		{2CBECFFE-2526-4E26-8B3C-ABD4D966E8D1}.Debug|Any CPU.Deploy.0 = Debug|Any CPU
		{2CBECFFE-2526-4E26-8B3C-ABD4D966E8D1}.Debug|ARM.ActiveCfg = Debug|Any CPU
		{2CBECFFE-2526-4E26-8B3C-ABD4D966E8D1}.Debug|ARM.Build.0 = Debug|Any CPU
		{2CBECFFE-2526-4E26-8B3C-ABD4D966E8D1}.Debug|ARM.Deploy.0 = Debug|Any CPU
		{2CBECFFE-2526-4E26-8B3C-ABD4D966E8D1}.Debug|iPhone.ActiveCfg = Debug|Any CPU
		{2CBECFFE-2526-4E26-8B3C-ABD4D966E8D1}.Debug|iPhone.Build.0 = Debug|Any CPU
		{2CBECFFE-2526-4E26-8B3C-ABD4D966E8D1}.Debug|iPhone.Deploy.0 = Debug|Any CPU
		{2CBECFFE-2526-4E26-8B3C-ABD4D966E8D1}.Debug|iPhoneSimulator.ActiveCfg = Debug|Any CPU
		{2CBECFFE-2526-4E26-8B3C-ABD4D966E8D1}.Debug|iPhoneSimulator.Build.0 = Debug|Any CPU
		{2CBECFFE-2526-4E26-8B3C-ABD4D966E8D1}.Debug|iPhoneSimulator.Deploy.0 = Debug|Any CPU
		{2CBECFFE-2526-4E26-8B3C-ABD4D966E8D1}.Debug|x64.ActiveCfg = Debug|Any CPU
		{2CBECFFE-2526-4E26-8B3C-ABD4D966E8D1}.Debug|x64.Build.0 = Debug|Any CPU
		{2CBECFFE-2526-4E26-8B3C-ABD4D966E8D1}.Debug|x64.Deploy.0 = Debug|Any CPU
		{2CBECFFE-2526-4E26-8B3C-ABD4D966E8D1}.Debug|x86.ActiveCfg = Debug|Any CPU
		{2CBECFFE-2526-4E26-8B3C-ABD4D966E8D1}.Debug|x86.Build.0 = Debug|Any CPU
		{2CBECFFE-2526-4E26-8B3C-ABD4D966E8D1}.Debug|x86.Deploy.0 = Debug|Any CPU
		{2CBECFFE-2526-4E26-8B3C-ABD4D966E8D1}.Release|Any CPU.ActiveCfg = Release|Any CPU
		{2CBECFFE-2526-4E26-8B3C-ABD4D966E8D1}.Release|Any CPU.Build.0 = Release|Any CPU
		{2CBECFFE-2526-4E26-8B3C-ABD4D966E8D1}.Release|Any CPU.Deploy.0 = Release|Any CPU
		{2CBECFFE-2526-4E26-8B3C-ABD4D966E8D1}.Release|ARM.ActiveCfg = Release|Any CPU
		{2CBECFFE-2526-4E26-8B3C-ABD4D966E8D1}.Release|ARM.Build.0 = Release|Any CPU
		{2CBECFFE-2526-4E26-8B3C-ABD4D966E8D1}.Release|ARM.Deploy.0 = Release|Any CPU
		{2CBECFFE-2526-4E26-8B3C-ABD4D966E8D1}.Release|iPhone.ActiveCfg = Release|Any CPU
		{2CBECFFE-2526-4E26-8B3C-ABD4D966E8D1}.Release|iPhone.Build.0 = Release|Any CPU
		{2CBECFFE-2526-4E26-8B3C-ABD4D966E8D1}.Release|iPhone.Deploy.0 = Release|Any CPU
		{2CBECFFE-2526-4E26-8B3C-ABD4D966E8D1}.Release|iPhoneSimulator.ActiveCfg = Release|Any CPU
		{2CBECFFE-2526-4E26-8B3C-ABD4D966E8D1}.Release|iPhoneSimulator.Build.0 = Release|Any CPU
		{2CBECFFE-2526-4E26-8B3C-ABD4D966E8D1}.Release|iPhoneSimulator.Deploy.0 = Release|Any CPU
		{2CBECFFE-2526-4E26-8B3C-ABD4D966E8D1}.Release|x64.ActiveCfg = Release|Any CPU
		{2CBECFFE-2526-4E26-8B3C-ABD4D966E8D1}.Release|x64.Build.0 = Release|Any CPU
		{2CBECFFE-2526-4E26-8B3C-ABD4D966E8D1}.Release|x64.Deploy.0 = Release|Any CPU
		{2CBECFFE-2526-4E26-8B3C-ABD4D966E8D1}.Release|x86.ActiveCfg = Release|Any CPU
		{2CBECFFE-2526-4E26-8B3C-ABD4D966E8D1}.Release|x86.Build.0 = Release|Any CPU
		{2CBECFFE-2526-4E26-8B3C-ABD4D966E8D1}.Release|x86.Deploy.0 = Release|Any CPU
		{15522512-15DA-497B-9671-B3AF8AEE1623}.Debug|Any CPU.ActiveCfg = Debug|iPhoneSimulator
		{15522512-15DA-497B-9671-B3AF8AEE1623}.Debug|Any CPU.Build.0 = Debug|iPhoneSimulator
		{15522512-15DA-497B-9671-B3AF8AEE1623}.Debug|ARM.ActiveCfg = Debug|iPhoneSimulator
		{15522512-15DA-497B-9671-B3AF8AEE1623}.Debug|iPhone.ActiveCfg = Debug|iPhone
		{15522512-15DA-497B-9671-B3AF8AEE1623}.Debug|iPhone.Build.0 = Debug|iPhone
		{15522512-15DA-497B-9671-B3AF8AEE1623}.Debug|iPhone.Deploy.0 = Debug|iPhone
		{15522512-15DA-497B-9671-B3AF8AEE1623}.Debug|iPhoneSimulator.ActiveCfg = Debug|iPhoneSimulator
		{15522512-15DA-497B-9671-B3AF8AEE1623}.Debug|iPhoneSimulator.Build.0 = Debug|iPhoneSimulator
		{15522512-15DA-497B-9671-B3AF8AEE1623}.Debug|x64.ActiveCfg = Debug|iPhoneSimulator
		{15522512-15DA-497B-9671-B3AF8AEE1623}.Debug|x86.ActiveCfg = Debug|iPhoneSimulator
		{15522512-15DA-497B-9671-B3AF8AEE1623}.Release|Any CPU.ActiveCfg = Release|iPhoneSimulator
		{15522512-15DA-497B-9671-B3AF8AEE1623}.Release|ARM.ActiveCfg = Release|iPhoneSimulator
		{15522512-15DA-497B-9671-B3AF8AEE1623}.Release|iPhone.ActiveCfg = Release|iPhone
		{15522512-15DA-497B-9671-B3AF8AEE1623}.Release|iPhone.Build.0 = Release|iPhone
		{15522512-15DA-497B-9671-B3AF8AEE1623}.Release|iPhoneSimulator.ActiveCfg = Release|iPhoneSimulator
		{15522512-15DA-497B-9671-B3AF8AEE1623}.Release|iPhoneSimulator.Build.0 = Release|iPhoneSimulator
		{15522512-15DA-497B-9671-B3AF8AEE1623}.Release|x64.ActiveCfg = Release|iPhoneSimulator
		{15522512-15DA-497B-9671-B3AF8AEE1623}.Release|x86.ActiveCfg = Release|iPhoneSimulator
		{AD9727BF-D781-4C8D-A85A-C31765E2516C}.Debug|Any CPU.ActiveCfg = Debug|Any CPU
		{AD9727BF-D781-4C8D-A85A-C31765E2516C}.Debug|Any CPU.Build.0 = Debug|Any CPU
		{AD9727BF-D781-4C8D-A85A-C31765E2516C}.Debug|ARM.ActiveCfg = Debug|Any CPU
		{AD9727BF-D781-4C8D-A85A-C31765E2516C}.Debug|ARM.Build.0 = Debug|Any CPU
		{AD9727BF-D781-4C8D-A85A-C31765E2516C}.Debug|iPhone.ActiveCfg = Debug|Any CPU
		{AD9727BF-D781-4C8D-A85A-C31765E2516C}.Debug|iPhone.Build.0 = Debug|Any CPU
		{AD9727BF-D781-4C8D-A85A-C31765E2516C}.Debug|iPhoneSimulator.ActiveCfg = Debug|Any CPU
		{AD9727BF-D781-4C8D-A85A-C31765E2516C}.Debug|iPhoneSimulator.Build.0 = Debug|Any CPU
		{AD9727BF-D781-4C8D-A85A-C31765E2516C}.Debug|x64.ActiveCfg = Debug|Any CPU
		{AD9727BF-D781-4C8D-A85A-C31765E2516C}.Debug|x64.Build.0 = Debug|Any CPU
		{AD9727BF-D781-4C8D-A85A-C31765E2516C}.Debug|x86.ActiveCfg = Debug|Any CPU
		{AD9727BF-D781-4C8D-A85A-C31765E2516C}.Debug|x86.Build.0 = Debug|Any CPU
		{AD9727BF-D781-4C8D-A85A-C31765E2516C}.Release|Any CPU.ActiveCfg = Release|Any CPU
		{AD9727BF-D781-4C8D-A85A-C31765E2516C}.Release|Any CPU.Build.0 = Release|Any CPU
		{AD9727BF-D781-4C8D-A85A-C31765E2516C}.Release|ARM.ActiveCfg = Release|Any CPU
		{AD9727BF-D781-4C8D-A85A-C31765E2516C}.Release|ARM.Build.0 = Release|Any CPU
		{AD9727BF-D781-4C8D-A85A-C31765E2516C}.Release|iPhone.ActiveCfg = Release|Any CPU
		{AD9727BF-D781-4C8D-A85A-C31765E2516C}.Release|iPhone.Build.0 = Release|Any CPU
		{AD9727BF-D781-4C8D-A85A-C31765E2516C}.Release|iPhoneSimulator.ActiveCfg = Release|Any CPU
		{AD9727BF-D781-4C8D-A85A-C31765E2516C}.Release|iPhoneSimulator.Build.0 = Release|Any CPU
		{AD9727BF-D781-4C8D-A85A-C31765E2516C}.Release|x64.ActiveCfg = Release|Any CPU
		{AD9727BF-D781-4C8D-A85A-C31765E2516C}.Release|x64.Build.0 = Release|Any CPU
		{AD9727BF-D781-4C8D-A85A-C31765E2516C}.Release|x86.ActiveCfg = Release|Any CPU
		{AD9727BF-D781-4C8D-A85A-C31765E2516C}.Release|x86.Build.0 = Release|Any CPU
		{8F044AC5-FB21-4917-9A58-E62FAA5BBBED}.Debug|Any CPU.ActiveCfg = Debug|Any CPU
		{8F044AC5-FB21-4917-9A58-E62FAA5BBBED}.Debug|Any CPU.Build.0 = Debug|Any CPU
		{8F044AC5-FB21-4917-9A58-E62FAA5BBBED}.Debug|ARM.ActiveCfg = Debug|Any CPU
		{8F044AC5-FB21-4917-9A58-E62FAA5BBBED}.Debug|ARM.Build.0 = Debug|Any CPU
		{8F044AC5-FB21-4917-9A58-E62FAA5BBBED}.Debug|iPhone.ActiveCfg = Debug|Any CPU
		{8F044AC5-FB21-4917-9A58-E62FAA5BBBED}.Debug|iPhone.Build.0 = Debug|Any CPU
		{8F044AC5-FB21-4917-9A58-E62FAA5BBBED}.Debug|iPhoneSimulator.ActiveCfg = Debug|Any CPU
		{8F044AC5-FB21-4917-9A58-E62FAA5BBBED}.Debug|iPhoneSimulator.Build.0 = Debug|Any CPU
		{8F044AC5-FB21-4917-9A58-E62FAA5BBBED}.Debug|x64.ActiveCfg = Debug|Any CPU
		{8F044AC5-FB21-4917-9A58-E62FAA5BBBED}.Debug|x64.Build.0 = Debug|Any CPU
		{8F044AC5-FB21-4917-9A58-E62FAA5BBBED}.Debug|x86.ActiveCfg = Debug|Any CPU
		{8F044AC5-FB21-4917-9A58-E62FAA5BBBED}.Debug|x86.Build.0 = Debug|Any CPU
		{8F044AC5-FB21-4917-9A58-E62FAA5BBBED}.Release|Any CPU.ActiveCfg = Release|Any CPU
		{8F044AC5-FB21-4917-9A58-E62FAA5BBBED}.Release|Any CPU.Build.0 = Release|Any CPU
		{8F044AC5-FB21-4917-9A58-E62FAA5BBBED}.Release|ARM.ActiveCfg = Release|Any CPU
		{8F044AC5-FB21-4917-9A58-E62FAA5BBBED}.Release|ARM.Build.0 = Release|Any CPU
		{8F044AC5-FB21-4917-9A58-E62FAA5BBBED}.Release|iPhone.ActiveCfg = Release|Any CPU
		{8F044AC5-FB21-4917-9A58-E62FAA5BBBED}.Release|iPhone.Build.0 = Release|Any CPU
		{8F044AC5-FB21-4917-9A58-E62FAA5BBBED}.Release|iPhoneSimulator.ActiveCfg = Release|Any CPU
		{8F044AC5-FB21-4917-9A58-E62FAA5BBBED}.Release|iPhoneSimulator.Build.0 = Release|Any CPU
		{8F044AC5-FB21-4917-9A58-E62FAA5BBBED}.Release|x64.ActiveCfg = Release|Any CPU
		{8F044AC5-FB21-4917-9A58-E62FAA5BBBED}.Release|x64.Build.0 = Release|Any CPU
		{8F044AC5-FB21-4917-9A58-E62FAA5BBBED}.Release|x86.ActiveCfg = Release|Any CPU
		{8F044AC5-FB21-4917-9A58-E62FAA5BBBED}.Release|x86.Build.0 = Release|Any CPU
		{71383867-D7A7-4F6B-9251-15023141C727}.Debug|Any CPU.ActiveCfg = Debug|Any CPU
		{71383867-D7A7-4F6B-9251-15023141C727}.Debug|Any CPU.Build.0 = Debug|Any CPU
		{71383867-D7A7-4F6B-9251-15023141C727}.Debug|ARM.ActiveCfg = Debug|Any CPU
		{71383867-D7A7-4F6B-9251-15023141C727}.Debug|ARM.Build.0 = Debug|Any CPU
		{71383867-D7A7-4F6B-9251-15023141C727}.Debug|iPhone.ActiveCfg = Debug|Any CPU
		{71383867-D7A7-4F6B-9251-15023141C727}.Debug|iPhone.Build.0 = Debug|Any CPU
		{71383867-D7A7-4F6B-9251-15023141C727}.Debug|iPhoneSimulator.ActiveCfg = Debug|Any CPU
		{71383867-D7A7-4F6B-9251-15023141C727}.Debug|iPhoneSimulator.Build.0 = Debug|Any CPU
		{71383867-D7A7-4F6B-9251-15023141C727}.Debug|x64.ActiveCfg = Debug|Any CPU
		{71383867-D7A7-4F6B-9251-15023141C727}.Debug|x64.Build.0 = Debug|Any CPU
		{71383867-D7A7-4F6B-9251-15023141C727}.Debug|x86.ActiveCfg = Debug|Any CPU
		{71383867-D7A7-4F6B-9251-15023141C727}.Debug|x86.Build.0 = Debug|Any CPU
		{71383867-D7A7-4F6B-9251-15023141C727}.Release|Any CPU.ActiveCfg = Release|Any CPU
		{71383867-D7A7-4F6B-9251-15023141C727}.Release|Any CPU.Build.0 = Release|Any CPU
		{71383867-D7A7-4F6B-9251-15023141C727}.Release|ARM.ActiveCfg = Release|Any CPU
		{71383867-D7A7-4F6B-9251-15023141C727}.Release|ARM.Build.0 = Release|Any CPU
		{71383867-D7A7-4F6B-9251-15023141C727}.Release|iPhone.ActiveCfg = Release|Any CPU
		{71383867-D7A7-4F6B-9251-15023141C727}.Release|iPhone.Build.0 = Release|Any CPU
		{71383867-D7A7-4F6B-9251-15023141C727}.Release|iPhoneSimulator.ActiveCfg = Release|Any CPU
		{71383867-D7A7-4F6B-9251-15023141C727}.Release|iPhoneSimulator.Build.0 = Release|Any CPU
		{71383867-D7A7-4F6B-9251-15023141C727}.Release|x64.ActiveCfg = Release|Any CPU
		{71383867-D7A7-4F6B-9251-15023141C727}.Release|x64.Build.0 = Release|Any CPU
		{71383867-D7A7-4F6B-9251-15023141C727}.Release|x86.ActiveCfg = Release|Any CPU
		{71383867-D7A7-4F6B-9251-15023141C727}.Release|x86.Build.0 = Release|Any CPU
		{7760F40C-AFC0-43CF-BA49-E75BE0946C98}.Debug|Any CPU.ActiveCfg = Debug|Any CPU
		{7760F40C-AFC0-43CF-BA49-E75BE0946C98}.Debug|Any CPU.Build.0 = Debug|Any CPU
		{7760F40C-AFC0-43CF-BA49-E75BE0946C98}.Debug|Any CPU.Deploy.0 = Debug|Any CPU
		{7760F40C-AFC0-43CF-BA49-E75BE0946C98}.Debug|ARM.ActiveCfg = Debug|Any CPU
		{7760F40C-AFC0-43CF-BA49-E75BE0946C98}.Debug|ARM.Build.0 = Debug|Any CPU
		{7760F40C-AFC0-43CF-BA49-E75BE0946C98}.Debug|ARM.Deploy.0 = Debug|Any CPU
		{7760F40C-AFC0-43CF-BA49-E75BE0946C98}.Debug|iPhone.ActiveCfg = Debug|Any CPU
		{7760F40C-AFC0-43CF-BA49-E75BE0946C98}.Debug|iPhone.Build.0 = Debug|Any CPU
		{7760F40C-AFC0-43CF-BA49-E75BE0946C98}.Debug|iPhone.Deploy.0 = Debug|Any CPU
		{7760F40C-AFC0-43CF-BA49-E75BE0946C98}.Debug|iPhoneSimulator.ActiveCfg = Debug|Any CPU
		{7760F40C-AFC0-43CF-BA49-E75BE0946C98}.Debug|iPhoneSimulator.Build.0 = Debug|Any CPU
		{7760F40C-AFC0-43CF-BA49-E75BE0946C98}.Debug|iPhoneSimulator.Deploy.0 = Debug|Any CPU
		{7760F40C-AFC0-43CF-BA49-E75BE0946C98}.Debug|x64.ActiveCfg = Debug|Any CPU
		{7760F40C-AFC0-43CF-BA49-E75BE0946C98}.Debug|x64.Build.0 = Debug|Any CPU
		{7760F40C-AFC0-43CF-BA49-E75BE0946C98}.Debug|x64.Deploy.0 = Debug|Any CPU
		{7760F40C-AFC0-43CF-BA49-E75BE0946C98}.Debug|x86.ActiveCfg = Debug|Any CPU
		{7760F40C-AFC0-43CF-BA49-E75BE0946C98}.Debug|x86.Build.0 = Debug|Any CPU
		{7760F40C-AFC0-43CF-BA49-E75BE0946C98}.Debug|x86.Deploy.0 = Debug|Any CPU
		{7760F40C-AFC0-43CF-BA49-E75BE0946C98}.Release|Any CPU.ActiveCfg = Release|Any CPU
		{7760F40C-AFC0-43CF-BA49-E75BE0946C98}.Release|Any CPU.Build.0 = Release|Any CPU
		{7760F40C-AFC0-43CF-BA49-E75BE0946C98}.Release|Any CPU.Deploy.0 = Release|Any CPU
		{7760F40C-AFC0-43CF-BA49-E75BE0946C98}.Release|ARM.ActiveCfg = Release|Any CPU
		{7760F40C-AFC0-43CF-BA49-E75BE0946C98}.Release|ARM.Build.0 = Release|Any CPU
		{7760F40C-AFC0-43CF-BA49-E75BE0946C98}.Release|ARM.Deploy.0 = Release|Any CPU
		{7760F40C-AFC0-43CF-BA49-E75BE0946C98}.Release|iPhone.ActiveCfg = Release|Any CPU
		{7760F40C-AFC0-43CF-BA49-E75BE0946C98}.Release|iPhone.Build.0 = Release|Any CPU
		{7760F40C-AFC0-43CF-BA49-E75BE0946C98}.Release|iPhone.Deploy.0 = Release|Any CPU
		{7760F40C-AFC0-43CF-BA49-E75BE0946C98}.Release|iPhoneSimulator.ActiveCfg = Release|Any CPU
		{7760F40C-AFC0-43CF-BA49-E75BE0946C98}.Release|iPhoneSimulator.Build.0 = Release|Any CPU
		{7760F40C-AFC0-43CF-BA49-E75BE0946C98}.Release|iPhoneSimulator.Deploy.0 = Release|Any CPU
		{7760F40C-AFC0-43CF-BA49-E75BE0946C98}.Release|x64.ActiveCfg = Release|Any CPU
		{7760F40C-AFC0-43CF-BA49-E75BE0946C98}.Release|x64.Build.0 = Release|Any CPU
		{7760F40C-AFC0-43CF-BA49-E75BE0946C98}.Release|x64.Deploy.0 = Release|Any CPU
		{7760F40C-AFC0-43CF-BA49-E75BE0946C98}.Release|x86.ActiveCfg = Release|Any CPU
		{7760F40C-AFC0-43CF-BA49-E75BE0946C98}.Release|x86.Build.0 = Release|Any CPU
		{7760F40C-AFC0-43CF-BA49-E75BE0946C98}.Release|x86.Deploy.0 = Release|Any CPU
		{2F4E63B3-A658-47C3-8083-3C9E25FDD8E4}.Debug|Any CPU.ActiveCfg = Debug|iPhoneSimulator
		{2F4E63B3-A658-47C3-8083-3C9E25FDD8E4}.Debug|ARM.ActiveCfg = Debug|iPhoneSimulator
		{2F4E63B3-A658-47C3-8083-3C9E25FDD8E4}.Debug|iPhone.ActiveCfg = Debug|iPhone
		{2F4E63B3-A658-47C3-8083-3C9E25FDD8E4}.Debug|iPhone.Build.0 = Debug|iPhone
		{2F4E63B3-A658-47C3-8083-3C9E25FDD8E4}.Debug|iPhone.Deploy.0 = Debug|iPhone
		{2F4E63B3-A658-47C3-8083-3C9E25FDD8E4}.Debug|iPhoneSimulator.ActiveCfg = Debug|iPhoneSimulator
		{2F4E63B3-A658-47C3-8083-3C9E25FDD8E4}.Debug|iPhoneSimulator.Build.0 = Debug|iPhoneSimulator
		{2F4E63B3-A658-47C3-8083-3C9E25FDD8E4}.Debug|x64.ActiveCfg = Debug|iPhoneSimulator
		{2F4E63B3-A658-47C3-8083-3C9E25FDD8E4}.Debug|x86.ActiveCfg = Debug|iPhoneSimulator
		{2F4E63B3-A658-47C3-8083-3C9E25FDD8E4}.Release|Any CPU.ActiveCfg = Release|iPhoneSimulator
		{2F4E63B3-A658-47C3-8083-3C9E25FDD8E4}.Release|ARM.ActiveCfg = Release|iPhoneSimulator
		{2F4E63B3-A658-47C3-8083-3C9E25FDD8E4}.Release|iPhone.ActiveCfg = Release|iPhone
		{2F4E63B3-A658-47C3-8083-3C9E25FDD8E4}.Release|iPhone.Build.0 = Release|iPhone
		{2F4E63B3-A658-47C3-8083-3C9E25FDD8E4}.Release|iPhoneSimulator.ActiveCfg = Release|iPhoneSimulator
		{2F4E63B3-A658-47C3-8083-3C9E25FDD8E4}.Release|iPhoneSimulator.Build.0 = Release|iPhoneSimulator
		{2F4E63B3-A658-47C3-8083-3C9E25FDD8E4}.Release|x64.ActiveCfg = Release|iPhoneSimulator
		{2F4E63B3-A658-47C3-8083-3C9E25FDD8E4}.Release|x86.ActiveCfg = Release|iPhoneSimulator
		{06F287C4-413C-48C5-BEB3-12A5D1FE49F7}.Debug|Any CPU.ActiveCfg = Debug|Any CPU
		{06F287C4-413C-48C5-BEB3-12A5D1FE49F7}.Debug|Any CPU.Build.0 = Debug|Any CPU
		{06F287C4-413C-48C5-BEB3-12A5D1FE49F7}.Debug|ARM.ActiveCfg = Debug|Any CPU
		{06F287C4-413C-48C5-BEB3-12A5D1FE49F7}.Debug|ARM.Build.0 = Debug|Any CPU
		{06F287C4-413C-48C5-BEB3-12A5D1FE49F7}.Debug|iPhone.ActiveCfg = Debug|Any CPU
		{06F287C4-413C-48C5-BEB3-12A5D1FE49F7}.Debug|iPhone.Build.0 = Debug|Any CPU
		{06F287C4-413C-48C5-BEB3-12A5D1FE49F7}.Debug|iPhoneSimulator.ActiveCfg = Debug|Any CPU
		{06F287C4-413C-48C5-BEB3-12A5D1FE49F7}.Debug|iPhoneSimulator.Build.0 = Debug|Any CPU
		{06F287C4-413C-48C5-BEB3-12A5D1FE49F7}.Debug|x64.ActiveCfg = Debug|Any CPU
		{06F287C4-413C-48C5-BEB3-12A5D1FE49F7}.Debug|x64.Build.0 = Debug|Any CPU
		{06F287C4-413C-48C5-BEB3-12A5D1FE49F7}.Debug|x86.ActiveCfg = Debug|Any CPU
		{06F287C4-413C-48C5-BEB3-12A5D1FE49F7}.Debug|x86.Build.0 = Debug|Any CPU
		{06F287C4-413C-48C5-BEB3-12A5D1FE49F7}.Release|Any CPU.ActiveCfg = Release|Any CPU
		{06F287C4-413C-48C5-BEB3-12A5D1FE49F7}.Release|Any CPU.Build.0 = Release|Any CPU
		{06F287C4-413C-48C5-BEB3-12A5D1FE49F7}.Release|ARM.ActiveCfg = Release|Any CPU
		{06F287C4-413C-48C5-BEB3-12A5D1FE49F7}.Release|ARM.Build.0 = Release|Any CPU
		{06F287C4-413C-48C5-BEB3-12A5D1FE49F7}.Release|iPhone.ActiveCfg = Release|Any CPU
		{06F287C4-413C-48C5-BEB3-12A5D1FE49F7}.Release|iPhone.Build.0 = Release|Any CPU
		{06F287C4-413C-48C5-BEB3-12A5D1FE49F7}.Release|iPhoneSimulator.ActiveCfg = Release|Any CPU
		{06F287C4-413C-48C5-BEB3-12A5D1FE49F7}.Release|iPhoneSimulator.Build.0 = Release|Any CPU
		{06F287C4-413C-48C5-BEB3-12A5D1FE49F7}.Release|x64.ActiveCfg = Release|Any CPU
		{06F287C4-413C-48C5-BEB3-12A5D1FE49F7}.Release|x64.Build.0 = Release|Any CPU
		{06F287C4-413C-48C5-BEB3-12A5D1FE49F7}.Release|x86.ActiveCfg = Release|Any CPU
		{06F287C4-413C-48C5-BEB3-12A5D1FE49F7}.Release|x86.Build.0 = Release|Any CPU
		{5A5303D1-89DA-4F9B-B254-B7D53A156D87}.Debug|Any CPU.ActiveCfg = Debug|Any CPU
		{5A5303D1-89DA-4F9B-B254-B7D53A156D87}.Debug|Any CPU.Build.0 = Debug|Any CPU
		{5A5303D1-89DA-4F9B-B254-B7D53A156D87}.Debug|ARM.ActiveCfg = Debug|Any CPU
		{5A5303D1-89DA-4F9B-B254-B7D53A156D87}.Debug|ARM.Build.0 = Debug|Any CPU
		{5A5303D1-89DA-4F9B-B254-B7D53A156D87}.Debug|iPhone.ActiveCfg = Debug|Any CPU
		{5A5303D1-89DA-4F9B-B254-B7D53A156D87}.Debug|iPhone.Build.0 = Debug|Any CPU
		{5A5303D1-89DA-4F9B-B254-B7D53A156D87}.Debug|iPhoneSimulator.ActiveCfg = Debug|Any CPU
		{5A5303D1-89DA-4F9B-B254-B7D53A156D87}.Debug|iPhoneSimulator.Build.0 = Debug|Any CPU
		{5A5303D1-89DA-4F9B-B254-B7D53A156D87}.Debug|x64.ActiveCfg = Debug|Any CPU
		{5A5303D1-89DA-4F9B-B254-B7D53A156D87}.Debug|x64.Build.0 = Debug|Any CPU
		{5A5303D1-89DA-4F9B-B254-B7D53A156D87}.Debug|x86.ActiveCfg = Debug|Any CPU
		{5A5303D1-89DA-4F9B-B254-B7D53A156D87}.Debug|x86.Build.0 = Debug|Any CPU
		{5A5303D1-89DA-4F9B-B254-B7D53A156D87}.Release|Any CPU.ActiveCfg = Release|Any CPU
		{5A5303D1-89DA-4F9B-B254-B7D53A156D87}.Release|Any CPU.Build.0 = Release|Any CPU
		{5A5303D1-89DA-4F9B-B254-B7D53A156D87}.Release|ARM.ActiveCfg = Release|Any CPU
		{5A5303D1-89DA-4F9B-B254-B7D53A156D87}.Release|ARM.Build.0 = Release|Any CPU
		{5A5303D1-89DA-4F9B-B254-B7D53A156D87}.Release|iPhone.ActiveCfg = Release|Any CPU
		{5A5303D1-89DA-4F9B-B254-B7D53A156D87}.Release|iPhone.Build.0 = Release|Any CPU
		{5A5303D1-89DA-4F9B-B254-B7D53A156D87}.Release|iPhoneSimulator.ActiveCfg = Release|Any CPU
		{5A5303D1-89DA-4F9B-B254-B7D53A156D87}.Release|iPhoneSimulator.Build.0 = Release|Any CPU
		{5A5303D1-89DA-4F9B-B254-B7D53A156D87}.Release|x64.ActiveCfg = Release|Any CPU
		{5A5303D1-89DA-4F9B-B254-B7D53A156D87}.Release|x64.Build.0 = Release|Any CPU
		{5A5303D1-89DA-4F9B-B254-B7D53A156D87}.Release|x86.ActiveCfg = Release|Any CPU
		{5A5303D1-89DA-4F9B-B254-B7D53A156D87}.Release|x86.Build.0 = Release|Any CPU
		{F9758FAA-9A25-47CC-87EB-7D2692E43046}.Debug|Any CPU.ActiveCfg = Debug|Any CPU
		{F9758FAA-9A25-47CC-87EB-7D2692E43046}.Debug|Any CPU.Build.0 = Debug|Any CPU
		{F9758FAA-9A25-47CC-87EB-7D2692E43046}.Debug|ARM.ActiveCfg = Debug|Any CPU
		{F9758FAA-9A25-47CC-87EB-7D2692E43046}.Debug|ARM.Build.0 = Debug|Any CPU
		{F9758FAA-9A25-47CC-87EB-7D2692E43046}.Debug|iPhone.ActiveCfg = Debug|Any CPU
		{F9758FAA-9A25-47CC-87EB-7D2692E43046}.Debug|iPhone.Build.0 = Debug|Any CPU
		{F9758FAA-9A25-47CC-87EB-7D2692E43046}.Debug|iPhoneSimulator.ActiveCfg = Debug|Any CPU
		{F9758FAA-9A25-47CC-87EB-7D2692E43046}.Debug|iPhoneSimulator.Build.0 = Debug|Any CPU
		{F9758FAA-9A25-47CC-87EB-7D2692E43046}.Debug|x64.ActiveCfg = Debug|Any CPU
		{F9758FAA-9A25-47CC-87EB-7D2692E43046}.Debug|x64.Build.0 = Debug|Any CPU
		{F9758FAA-9A25-47CC-87EB-7D2692E43046}.Debug|x86.ActiveCfg = Debug|Any CPU
		{F9758FAA-9A25-47CC-87EB-7D2692E43046}.Debug|x86.Build.0 = Debug|Any CPU
		{F9758FAA-9A25-47CC-87EB-7D2692E43046}.Release|Any CPU.ActiveCfg = Release|Any CPU
		{F9758FAA-9A25-47CC-87EB-7D2692E43046}.Release|Any CPU.Build.0 = Release|Any CPU
		{F9758FAA-9A25-47CC-87EB-7D2692E43046}.Release|ARM.ActiveCfg = Release|Any CPU
		{F9758FAA-9A25-47CC-87EB-7D2692E43046}.Release|ARM.Build.0 = Release|Any CPU
		{F9758FAA-9A25-47CC-87EB-7D2692E43046}.Release|iPhone.ActiveCfg = Release|Any CPU
		{F9758FAA-9A25-47CC-87EB-7D2692E43046}.Release|iPhone.Build.0 = Release|Any CPU
		{F9758FAA-9A25-47CC-87EB-7D2692E43046}.Release|iPhoneSimulator.ActiveCfg = Release|Any CPU
		{F9758FAA-9A25-47CC-87EB-7D2692E43046}.Release|iPhoneSimulator.Build.0 = Release|Any CPU
		{F9758FAA-9A25-47CC-87EB-7D2692E43046}.Release|x64.ActiveCfg = Release|Any CPU
		{F9758FAA-9A25-47CC-87EB-7D2692E43046}.Release|x64.Build.0 = Release|Any CPU
		{F9758FAA-9A25-47CC-87EB-7D2692E43046}.Release|x86.ActiveCfg = Release|Any CPU
		{F9758FAA-9A25-47CC-87EB-7D2692E43046}.Release|x86.Build.0 = Release|Any CPU
	EndGlobalSection
	GlobalSection(SolutionProperties) = preSolution
		HideSolutionNode = FALSE
	EndGlobalSection
	GlobalSection(NestedProjects) = preSolution
		{CC299349-FB59-4B1E-BB39-9F40B0DBD9B5} = {844A81D7-FA24-496E-9A10-8A390F0FAEB6}
		{CB8CDF58-1130-4507-A8A2-CDBC3C937200} = {844A81D7-FA24-496E-9A10-8A390F0FAEB6}
		{12920A3D-7FB3-442E-9512-5F07239ACAA4} = {844A81D7-FA24-496E-9A10-8A390F0FAEB6}
		{F4ED83B5-2C97-49DD-B702-4A227014A6AF} = {844A81D7-FA24-496E-9A10-8A390F0FAEB6}
		{2CBECFFE-2526-4E26-8B3C-ABD4D966E8D1} = {844A81D7-FA24-496E-9A10-8A390F0FAEB6}
		{15522512-15DA-497B-9671-B3AF8AEE1623} = {844A81D7-FA24-496E-9A10-8A390F0FAEB6}
		{AD9727BF-D781-4C8D-A85A-C31765E2516C} = {844A81D7-FA24-496E-9A10-8A390F0FAEB6}
		{7760F40C-AFC0-43CF-BA49-E75BE0946C98} = {844A81D7-FA24-496E-9A10-8A390F0FAEB6}
		{2F4E63B3-A658-47C3-8083-3C9E25FDD8E4} = {844A81D7-FA24-496E-9A10-8A390F0FAEB6}
		{06F287C4-413C-48C5-BEB3-12A5D1FE49F7} = {844A81D7-FA24-496E-9A10-8A390F0FAEB6}
	EndGlobalSection
	GlobalSection(ExtensibilityGlobals) = postSolution
		SolutionGuid = {E21329A8-D515-4287-9E29-B6153433D602}
	EndGlobalSection
EndGlobal
